
Microsoft Visual Studio Solution File, Format Version 12.00
# Visual Studio 15
VisualStudioVersion = 15.0.28307.1433
MinimumVisualStudioVersion = 10.0.40219.1
Project("{FAE04EC0-301F-11D3-BF4B-00C04F79EFBC}") = "doanthuctap", "doanthuctap\doanthuctap.csproj", "{5199E8F8-5650-42C8-A23B-8168D6593E34}"
EndProject
Global
	GlobalSection(SolutionConfigurationPlatforms) = preSolution
		Debug|Any CPU = Debug|Any CPU
		Release|Any CPU = Release|Any CPU
	EndGlobalSection
	GlobalSection(ProjectConfigurationPlatforms) = postSolution
		{5199E8F8-5650-42C8-A23B-8168D6593E34}.Debug|Any CPU.ActiveCfg = Debug|Any CPU
		{5199E8F8-5650-42C8-A23B-8168D6593E34}.Debug|Any CPU.Build.0 = Debug|Any CPU
		{5199E8F8-5650-42C8-A23B-8168D6593E34}.Release|Any CPU.ActiveCfg = Release|Any CPU
		{5199E8F8-5650-42C8-A23B-8168D6593E34}.Release|Any CPU.Build.0 = Release|Any CPU
	EndGlobalSection
	GlobalSection(SolutionProperties) = preSolution
		HideSolutionNode = FALSE
	EndGlobalSection
	GlobalSection(ExtensibilityGlobals) = postSolution
		SolutionGuid = {0FF8BE2E-9C3F-4F8A-AE04-1DC14D38ACBD}
	EndGlobalSection
EndGlobal
